
Microsoft Visual Studio Solution File, Format Version 12.00
# Visual Studio Version 17
VisualStudioVersion = 17.4.33122.133
MinimumVisualStudioVersion = 10.0.40219.1
Project("{FAE04EC0-301F-11D3-BF4B-00C04F79EFBC}") = "Passing Objects to Functions", "Passing Objects to Functions.csproj", "{66964F37-625A-4D50-AE58-4167DD552CB2}"
EndProject
Global
	GlobalSection(SolutionConfigurationPlatforms) = preSolution
		Debug|Any CPU = Debug|Any CPU
		Release|Any CPU = Release|Any CPU
	EndGlobalSection
	GlobalSection(ProjectConfigurationPlatforms) = postSolution
		{66964F37-625A-4D50-AE58-4167DD552CB2}.Debug|Any CPU.ActiveCfg = Debug|Any CPU
		{66964F37-625A-4D50-AE58-4167DD552CB2}.Debug|Any CPU.Build.0 = Debug|Any CPU
		{66964F37-625A-4D50-AE58-4167DD552CB2}.Release|Any CPU.ActiveCfg = Release|Any CPU
		{66964F37-625A-4D50-AE58-4167DD552CB2}.Release|Any CPU.Build.0 = Release|Any CPU
	EndGlobalSection
	GlobalSection(SolutionProperties) = preSolution
		HideSolutionNode = FALSE
	EndGlobalSection
	GlobalSection(ExtensibilityGlobals) = postSolution
		SolutionGuid = {D88E92BD-1FBA-4140-A449-344DE3DF0630}
	EndGlobalSection
EndGlobal
